{
    "name": "livemark",
    "version": "0.1.0",
    "lockfileVersion": 3,
    "requires": true,
    "packages": {
        "": {
            "name": "livemark",
            "version": "0.1.0",
            "license": "AGPL-3.0",
            "dependencies": {
                "prosemirror-commands": "^1.6.0",
                "prosemirror-inputrules": "^1.4.0",
                "prosemirror-keymap": "^1.2.2",
                "prosemirror-markdown": "^1.13.0",
                "prosemirror-model": "^1.22.3",
                "prosemirror-state": "^1.4.3",
                "prosemirror-transform": "^1.10.0",
                "prosemirror-view": "^1.34.1"
            },
            "devDependencies": {
                "typescript": "^5.5.4"
            }
        },
        "node_modules/argparse": {
            "version": "2.0.1",
            "resolved": "https://registry.npmjs.org/argparse/-/argparse-2.0.1.tgz",
            "integrity": "sha512-8+9WqebbFzpX9OR+Wa6O29asIogeRMzcGtAINdpMHHyAg10f05aSFVBbcEqGf/PXw1EjAZ+q2/bEBg3DvurK3Q=="
        },
        "node_modules/entities": {
            "version": "4.5.0",
            "resolved": "https://registry.npmjs.org/entities/-/entities-4.5.0.tgz",
            "integrity": "sha512-V0hjH4dGPh9Ao5p0MoRY6BVqtwCjhz6vI5LT8AJ55H+4g9/4vbHx1I54fS0XuclLhDHArPQCiMjDxjaL8fPxhw==",
            "engines": {
                "node": ">=0.12"
            },
            "funding": {
                "url": "https://github.com/fb55/entities?sponsor=1"
            }
        },
        "node_modules/linkify-it": {
            "version": "5.0.0",
            "resolved": "https://registry.npmjs.org/linkify-it/-/linkify-it-5.0.0.tgz",
            "integrity": "sha512-5aHCbzQRADcdP+ATqnDuhhJ/MRIqDkZX5pyjFHRRysS8vZ5AbqGEoFIb6pYHPZ+L/OC2Lc+xT8uHVVR5CAK/wQ==",
            "dependencies": {
                "uc.micro": "^2.0.0"
            }
        },
        "node_modules/markdown-it": {
            "version": "14.1.0",
            "resolved": "https://registry.npmjs.org/markdown-it/-/markdown-it-14.1.0.tgz",
            "integrity": "sha512-a54IwgWPaeBCAAsv13YgmALOF1elABB08FxO9i+r4VFk5Vl4pKokRPeX8u5TCgSsPi6ec1otfLjdOpVcgbpshg==",
            "dependencies": {
                "argparse": "^2.0.1",
                "entities": "^4.4.0",
                "linkify-it": "^5.0.0",
                "mdurl": "^2.0.0",
                "punycode.js": "^2.3.1",
                "uc.micro": "^2.1.0"
            },
            "bin": {
                "markdown-it": "bin/markdown-it.mjs"
            }
        },
        "node_modules/mdurl": {
            "version": "2.0.0",
            "resolved": "https://registry.npmjs.org/mdurl/-/mdurl-2.0.0.tgz",
            "integrity": "sha512-Lf+9+2r+Tdp5wXDXC4PcIBjTDtq4UKjCPMQhKIuzpJNW0b96kVqSwW0bT7FhRSfmAiFYgP+SCRvdrDozfh0U5w=="
        },
        "node_modules/orderedmap": {
            "version": "2.1.1",
            "resolved": "https://registry.npmjs.org/orderedmap/-/orderedmap-2.1.1.tgz",
            "integrity": "sha512-TvAWxi0nDe1j/rtMcWcIj94+Ffe6n7zhow33h40SKxmsmozs6dz/e+EajymfoFcHd7sxNn8yHM8839uixMOV6g=="
        },
        "node_modules/prosemirror-commands": {
            "version": "1.6.0",
            "resolved": "https://registry.npmjs.org/prosemirror-commands/-/prosemirror-commands-1.6.0.tgz",
            "integrity": "sha512-xn1U/g36OqXn2tn5nGmvnnimAj/g1pUx2ypJJIe8WkVX83WyJVC5LTARaxZa2AtQRwntu9Jc5zXs9gL9svp/mg==",
            "dependencies": {
                "prosemirror-model": "^1.0.0",
                "prosemirror-state": "^1.0.0",
                "prosemirror-transform": "^1.0.0"
            }
        },
        "node_modules/prosemirror-inputrules": {
            "version": "1.4.0",
            "resolved": "https://registry.npmjs.org/prosemirror-inputrules/-/prosemirror-inputrules-1.4.0.tgz",
            "integrity": "sha512-6ygpPRuTJ2lcOXs9JkefieMst63wVJBgHZGl5QOytN7oSZs3Co/BYbc3Yx9zm9H37Bxw8kVzCnDsihsVsL4yEg==",
            "dependencies": {
                "prosemirror-state": "^1.0.0",
                "prosemirror-transform": "^1.0.0"
            }
        },
        "node_modules/prosemirror-keymap": {
            "version": "1.2.2",
            "resolved": "https://registry.npmjs.org/prosemirror-keymap/-/prosemirror-keymap-1.2.2.tgz",
            "integrity": "sha512-EAlXoksqC6Vbocqc0GtzCruZEzYgrn+iiGnNjsJsH4mrnIGex4qbLdWWNza3AW5W36ZRrlBID0eM6bdKH4OStQ==",
            "dependencies": {
                "prosemirror-state": "^1.0.0",
                "w3c-keyname": "^2.2.0"
            }
        },
        "node_modules/prosemirror-markdown": {
            "version": "1.13.0",
            "resolved": "https://registry.npmjs.org/prosemirror-markdown/-/prosemirror-markdown-1.13.0.tgz",
            "integrity": "sha512-UziddX3ZYSYibgx8042hfGKmukq5Aljp2qoBiJRejD/8MH70siQNz5RB1TrdTPheqLMy4aCe4GYNF10/3lQS5g==",
            "dependencies": {
                "markdown-it": "^14.0.0",
                "prosemirror-model": "^1.20.0"
            }
        },
        "node_modules/prosemirror-model": {
            "version": "1.22.3",
            "resolved": "https://registry.npmjs.org/prosemirror-model/-/prosemirror-model-1.22.3.tgz",
            "integrity": "sha512-V4XCysitErI+i0rKFILGt/xClnFJaohe/wrrlT2NSZ+zk8ggQfDH4x2wNK7Gm0Hp4CIoWizvXFP7L9KMaCuI0Q==",
            "dependencies": {
                "orderedmap": "^2.0.0"
            }
        },
        "node_modules/prosemirror-state": {
            "version": "1.4.3",
            "resolved": "https://registry.npmjs.org/prosemirror-state/-/prosemirror-state-1.4.3.tgz",
            "integrity": "sha512-goFKORVbvPuAQaXhpbemJFRKJ2aixr+AZMGiquiqKxaucC6hlpHNZHWgz5R7dS4roHiwq9vDctE//CZ++o0W1Q==",
            "dependencies": {
                "prosemirror-model": "^1.0.0",
                "prosemirror-transform": "^1.0.0",
                "prosemirror-view": "^1.27.0"
            }
        },
        "node_modules/prosemirror-transform": {
            "version": "1.10.0",
            "resolved": "https://registry.npmjs.org/prosemirror-transform/-/prosemirror-transform-1.10.0.tgz",
            "integrity": "sha512-9UOgFSgN6Gj2ekQH5CTDJ8Rp/fnKR2IkYfGdzzp5zQMFsS4zDllLVx/+jGcX86YlACpG7UR5fwAXiWzxqWtBTg==",
            "dependencies": {
                "prosemirror-model": "^1.21.0"
            }
        },
        "node_modules/prosemirror-view": {
            "version": "1.34.1",
            "resolved": "https://registry.npmjs.org/prosemirror-view/-/prosemirror-view-1.34.1.tgz",
            "integrity": "sha512-KS2xmqrAM09h3SLu1S2pNO/ZoIP38qkTJ6KFd7+BeSfmX/ek0n5yOfGuiTZjFNTC8GOsEIUa1tHxt+2FMu3yWQ==",
            "dependencies": {
                "prosemirror-model": "^1.20.0",
                "prosemirror-state": "^1.0.0",
                "prosemirror-transform": "^1.1.0"
            }
        },
        "node_modules/punycode.js": {
            "version": "2.3.1",
            "resolved": "https://registry.npmjs.org/punycode.js/-/punycode.js-2.3.1.tgz",
            "integrity": "sha512-uxFIHU0YlHYhDQtV4R9J6a52SLx28BCjT+4ieh7IGbgwVJWO+km431c4yRlREUAsAmt/uMjQUyQHNEPf0M39CA==",
            "engines": {
                "node": ">=6"
            }
        },
        "node_modules/typescript": {
            "version": "5.5.4",
            "resolved": "https://registry.npmjs.org/typescript/-/typescript-5.5.4.tgz",
            "integrity": "sha512-Mtq29sKDAEYP7aljRgtPOpTvOfbwRWlS6dPRzwjdE+C0R4brX/GUyhHSecbHMFLNBLcJIPt9nl9yG5TZ1weH+Q==",
            "dev": true,
            "bin": {
                "tsc": "bin/tsc",
                "tsserver": "bin/tsserver"
            },
            "engines": {
                "node": ">=14.17"
            }
        },
        "node_modules/uc.micro": {
            "version": "2.1.0",
            "resolved": "https://registry.npmjs.org/uc.micro/-/uc.micro-2.1.0.tgz",
            "integrity": "sha512-ARDJmphmdvUk6Glw7y9DQ2bFkKBHwQHLi2lsaH6PPmz/Ka9sFOBsBluozhDltWmnv9u/cF6Rt87znRTPV+yp/A=="
        },
        "node_modules/w3c-keyname": {
            "version": "2.2.8",
            "resolved": "https://registry.npmjs.org/w3c-keyname/-/w3c-keyname-2.2.8.tgz",
            "integrity": "sha512-dpojBhNsCNN7T82Tm7k26A6G9ML3NkhDsnw9n/eoxSRlVBB4CEtIQ/KTCLI2Fwf3ataSXRhYFkQi3SlnFwPvPQ=="
        }
    }
}
