{
    "name": "livemark",
    "version": "0.1.0",
    "lockfileVersion": 3,
    "requires": true,
    "packages": {
        "": {
            "name": "livemark",
            "version": "0.1.0",
            "license": "AGPL-3.0",
            "dependencies": {
                "prosemirror-model": "^1.22.3",
                "prosemirror-state": "^1.4.3",
                "prosemirror-transform": "^1.10.0",
                "prosemirror-view": "^1.34.1"
            },
            "devDependencies": {
                "typescript": "^5.5.4"
            }
        },
        "node_modules/orderedmap": {
            "version": "2.1.1",
            "resolved": "https://registry.npmjs.org/orderedmap/-/orderedmap-2.1.1.tgz",
            "integrity": "sha512-TvAWxi0nDe1j/rtMcWcIj94+Ffe6n7zhow33h40SKxmsmozs6dz/e+EajymfoFcHd7sxNn8yHM8839uixMOV6g=="
        },
        "node_modules/prosemirror-model": {
            "version": "1.22.3",
            "resolved": "https://registry.npmjs.org/prosemirror-model/-/prosemirror-model-1.22.3.tgz",
            "integrity": "sha512-V4XCysitErI+i0rKFILGt/xClnFJaohe/wrrlT2NSZ+zk8ggQfDH4x2wNK7Gm0Hp4CIoWizvXFP7L9KMaCuI0Q==",
            "dependencies": {
                "orderedmap": "^2.0.0"
            }
        },
        "node_modules/prosemirror-state": {
            "version": "1.4.3",
            "resolved": "https://registry.npmjs.org/prosemirror-state/-/prosemirror-state-1.4.3.tgz",
            "integrity": "sha512-goFKORVbvPuAQaXhpbemJFRKJ2aixr+AZMGiquiqKxaucC6hlpHNZHWgz5R7dS4roHiwq9vDctE//CZ++o0W1Q==",
            "dependencies": {
                "prosemirror-model": "^1.0.0",
                "prosemirror-transform": "^1.0.0",
                "prosemirror-view": "^1.27.0"
            }
        },
        "node_modules/prosemirror-transform": {
            "version": "1.10.0",
            "resolved": "https://registry.npmjs.org/prosemirror-transform/-/prosemirror-transform-1.10.0.tgz",
            "integrity": "sha512-9UOgFSgN6Gj2ekQH5CTDJ8Rp/fnKR2IkYfGdzzp5zQMFsS4zDllLVx/+jGcX86YlACpG7UR5fwAXiWzxqWtBTg==",
            "dependencies": {
                "prosemirror-model": "^1.21.0"
            }
        },
        "node_modules/prosemirror-view": {
            "version": "1.34.1",
            "resolved": "https://registry.npmjs.org/prosemirror-view/-/prosemirror-view-1.34.1.tgz",
            "integrity": "sha512-KS2xmqrAM09h3SLu1S2pNO/ZoIP38qkTJ6KFd7+BeSfmX/ek0n5yOfGuiTZjFNTC8GOsEIUa1tHxt+2FMu3yWQ==",
            "dependencies": {
                "prosemirror-model": "^1.20.0",
                "prosemirror-state": "^1.0.0",
                "prosemirror-transform": "^1.1.0"
            }
        },
        "node_modules/typescript": {
            "version": "5.5.4",
            "resolved": "https://registry.npmjs.org/typescript/-/typescript-5.5.4.tgz",
            "integrity": "sha512-Mtq29sKDAEYP7aljRgtPOpTvOfbwRWlS6dPRzwjdE+C0R4brX/GUyhHSecbHMFLNBLcJIPt9nl9yG5TZ1weH+Q==",
            "dev": true,
            "bin": {
                "tsc": "bin/tsc",
                "tsserver": "bin/tsserver"
            },
            "engines": {
                "node": ">=14.17"
            }
        }
    }
}
