{
  "name": "livemark",
  "version": "1.0.0",
  "lockfileVersion": 3,
  "requires": true,
  "packages": {
    "": {
      "name": "livemark",
      "version": "1.0.0",
      "license": "AGPL-3.0",
      "devDependencies": {
        "@types/web": "^0.0.159",
        "typescript": "^5.5.4"
      }
    },
    "node_modules/@types/web": {
      "version": "0.0.159",
      "resolved": "https://registry.npmjs.org/@types/web/-/web-0.0.159.tgz",
      "integrity": "sha512-BHPaU+yHqHOrua8iFksPmgLCXEt1LE/2sPB+MPTRuxDFm4z6gBgmDiXUCGleyHiOLT6R+fklgR99hq/iFGVO1w==",
      "dev": true
    },
    "node_modules/typescript": {
      "version": "5.5.4",
      "resolved": "https://registry.npmjs.org/typescript/-/typescript-5.5.4.tgz",
      "integrity": "sha512-Mtq29sKDAEYP7aljRgtPOpTvOfbwRWlS6dPRzwjdE+C0R4brX/GUyhHSecbHMFLNBLcJIPt9nl9yG5TZ1weH+Q==",
      "dev": true,
      "bin": {
        "tsc": "bin/tsc",
        "tsserver": "bin/tsserver"
      },
      "engines": {
        "node": ">=14.17"
      }
    }
  }
}
